
Microsoft Visual Studio Solution File, Format Version 12.00
# Visual Studio Version 17
VisualStudioVersion = 17.14.36121.58
MinimumVisualStudioVersion = 10.0.40219.1
Project("{2150E333-8FDC-42A3-9474-1A3956D46DE8}") = "Src", "Src", "{02EA681E-C7D8-13C7-8484-4AC65E1B71E8}"
EndProject
Project("{2150E333-8FDC-42A3-9474-1A3956D46DE8}") = "tests", "tests", "{7ED50BFD-A426-4C1F-8FA8-5CBBF85C923E}"
EndProject
Project("{9A19103F-16F7-4668-BE54-9A1E7A4F7556}") = "Domain", "Domain\Domain.csproj", "{F3B6944B-138F-4D0B-9052-E41CFC08052F}"
EndProject
Project("{2150E333-8FDC-42A3-9474-1A3956D46DE8}") = "Solution Items", "Solution Items", "{8EC462FD-D22E-90A8-E5CE-7E832BA40C5D}"
	ProjectSection(SolutionItems) = preProject
		.gitignore = .gitignore
	EndProjectSection
EndProject
Project("{9A19103F-16F7-4668-BE54-9A1E7A4F7556}") = "Infrastructure", "Infrastructure\Infrastructure.csproj", "{A57B9CEC-FC3E-40D1-B779-443AC2A4A8D0}"
EndProject
Project("{FAE04EC0-301F-11D3-BF4B-00C04F79EFBC}") = "Unit", "Unit\Unit.csproj", "{74984F44-4699-4C38-B65E-D86C4349D687}"
EndProject
Project("{FAE04EC0-301F-11D3-BF4B-00C04F79EFBC}") = "Application", "Application\Application.csproj", "{C91FFB90-839D-4FA8-8E0A-6DAD5048573B}"
EndProject
Project("{FAE04EC0-301F-11D3-BF4B-00C04F79EFBC}") = "Integration", "Integration\Integration.csproj", "{1E8D7373-2DC7-4DF9-B464-BBB5427119E8}"
EndProject
Project("{FAE04EC0-301F-11D3-BF4B-00C04F79EFBC}") = "API", "API\API.csproj", "{8609DF9A-328B-4C71-AA0F-32B921D821EF}"
EndProject
Global
	GlobalSection(SolutionConfigurationPlatforms) = preSolution
		Debug|Any CPU = Debug|Any CPU
		Release|Any CPU = Release|Any CPU
	EndGlobalSection
	GlobalSection(ProjectConfigurationPlatforms) = postSolution
		{F3B6944B-138F-4D0B-9052-E41CFC08052F}.Debug|Any CPU.ActiveCfg = Debug|Any CPU
		{F3B6944B-138F-4D0B-9052-E41CFC08052F}.Debug|Any CPU.Build.0 = Debug|Any CPU
		{F3B6944B-138F-4D0B-9052-E41CFC08052F}.Release|Any CPU.ActiveCfg = Release|Any CPU
		{F3B6944B-138F-4D0B-9052-E41CFC08052F}.Release|Any CPU.Build.0 = Release|Any CPU
		{A57B9CEC-FC3E-40D1-B779-443AC2A4A8D0}.Debug|Any CPU.ActiveCfg = Debug|Any CPU
		{A57B9CEC-FC3E-40D1-B779-443AC2A4A8D0}.Debug|Any CPU.Build.0 = Debug|Any CPU
		{A57B9CEC-FC3E-40D1-B779-443AC2A4A8D0}.Release|Any CPU.ActiveCfg = Release|Any CPU
		{A57B9CEC-FC3E-40D1-B779-443AC2A4A8D0}.Release|Any CPU.Build.0 = Release|Any CPU
		{74984F44-4699-4C38-B65E-D86C4349D687}.Debug|Any CPU.ActiveCfg = Debug|Any CPU
		{74984F44-4699-4C38-B65E-D86C4349D687}.Debug|Any CPU.Build.0 = Debug|Any CPU
		{74984F44-4699-4C38-B65E-D86C4349D687}.Release|Any CPU.ActiveCfg = Release|Any CPU
		{74984F44-4699-4C38-B65E-D86C4349D687}.Release|Any CPU.Build.0 = Release|Any CPU
		{C91FFB90-839D-4FA8-8E0A-6DAD5048573B}.Debug|Any CPU.ActiveCfg = Debug|Any CPU
		{C91FFB90-839D-4FA8-8E0A-6DAD5048573B}.Debug|Any CPU.Build.0 = Debug|Any CPU
		{C91FFB90-839D-4FA8-8E0A-6DAD5048573B}.Release|Any CPU.ActiveCfg = Release|Any CPU
		{C91FFB90-839D-4FA8-8E0A-6DAD5048573B}.Release|Any CPU.Build.0 = Release|Any CPU
		{1E8D7373-2DC7-4DF9-B464-BBB5427119E8}.Debug|Any CPU.ActiveCfg = Debug|Any CPU
		{1E8D7373-2DC7-4DF9-B464-BBB5427119E8}.Debug|Any CPU.Build.0 = Debug|Any CPU
		{1E8D7373-2DC7-4DF9-B464-BBB5427119E8}.Release|Any CPU.ActiveCfg = Release|Any CPU
		{1E8D7373-2DC7-4DF9-B464-BBB5427119E8}.Release|Any CPU.Build.0 = Release|Any CPU
		{8609DF9A-328B-4C71-AA0F-32B921D821EF}.Debug|Any CPU.ActiveCfg = Debug|Any CPU
		{8609DF9A-328B-4C71-AA0F-32B921D821EF}.Debug|Any CPU.Build.0 = Debug|Any CPU
		{8609DF9A-328B-4C71-AA0F-32B921D821EF}.Release|Any CPU.ActiveCfg = Release|Any CPU
		{8609DF9A-328B-4C71-AA0F-32B921D821EF}.Release|Any CPU.Build.0 = Release|Any CPU
	EndGlobalSection
	GlobalSection(SolutionProperties) = preSolution
		HideSolutionNode = FALSE
	EndGlobalSection
	GlobalSection(NestedProjects) = preSolution
		{F3B6944B-138F-4D0B-9052-E41CFC08052F} = {02EA681E-C7D8-13C7-8484-4AC65E1B71E8}
		{A57B9CEC-FC3E-40D1-B779-443AC2A4A8D0} = {02EA681E-C7D8-13C7-8484-4AC65E1B71E8}
		{74984F44-4699-4C38-B65E-D86C4349D687} = {7ED50BFD-A426-4C1F-8FA8-5CBBF85C923E}
		{C91FFB90-839D-4FA8-8E0A-6DAD5048573B} = {02EA681E-C7D8-13C7-8484-4AC65E1B71E8}
		{1E8D7373-2DC7-4DF9-B464-BBB5427119E8} = {7ED50BFD-A426-4C1F-8FA8-5CBBF85C923E}
		{8609DF9A-328B-4C71-AA0F-32B921D821EF} = {02EA681E-C7D8-13C7-8484-4AC65E1B71E8}
	EndGlobalSection
	GlobalSection(ExtensibilityGlobals) = postSolution
		SolutionGuid = {20645773-D091-4DB8-9314-3A9B3F2F0B3E}
	EndGlobalSection
EndGlobal
